
Microsoft Visual Studio Solution File, Format Version 12.00
# Visual Studio Version 16
VisualStudioVersion = 16.0.31515.178
MinimumVisualStudioVersion = 10.0.40219.1
Project("{F184B08F-C81C-45F6-A57F-5ABD9991F28F}") = "ProgramFlowExamples", "ProgramFlowExamples\ProgramFlowExamples.vbproj", "{DAE860A5-11AB-494B-865F-653C8A327BE9}"
EndProject
Global
	GlobalSection(SolutionConfigurationPlatforms) = preSolution
		Debug|Any CPU = Debug|Any CPU
		Release|Any CPU = Release|Any CPU
	EndGlobalSection
	GlobalSection(ProjectConfigurationPlatforms) = postSolution
		{DAE860A5-11AB-494B-865F-653C8A327BE9}.Debug|Any CPU.ActiveCfg = Debug|Any CPU
		{DAE860A5-11AB-494B-865F-653C8A327BE9}.Debug|Any CPU.Build.0 = Debug|Any CPU
		{DAE860A5-11AB-494B-865F-653C8A327BE9}.Release|Any CPU.ActiveCfg = Release|Any CPU
		{DAE860A5-11AB-494B-865F-653C8A327BE9}.Release|Any CPU.Build.0 = Release|Any CPU
	EndGlobalSection
	GlobalSection(SolutionProperties) = preSolution
		HideSolutionNode = FALSE
	EndGlobalSection
	GlobalSection(ExtensibilityGlobals) = postSolution
		SolutionGuid = {B074B939-0317-4177-BCBC-E8589A986889}
	EndGlobalSection
EndGlobal
